
Microsoft Visual Studio Solution File, Format Version 12.00
# Visual Studio Version 17
VisualStudioVersion = 17.13.35828.75 d17.13
MinimumVisualStudioVersion = 10.0.40219.1
Project("{FAE04EC0-301F-11D3-BF4B-00C04F79EFBC}") = "Estrera_Activity1", "Estrera_Activity1\Estrera_Activity1.csproj", "{3C825CD7-80E4-480F-BFF3-FCC80DD828FE}"
EndProject
Global
	GlobalSection(SolutionConfigurationPlatforms) = preSolution
		Debug|Any CPU = Debug|Any CPU
		Release|Any CPU = Release|Any CPU
	EndGlobalSection
	GlobalSection(ProjectConfigurationPlatforms) = postSolution
		{3C825CD7-80E4-480F-BFF3-FCC80DD828FE}.Debug|Any CPU.ActiveCfg = Debug|Any CPU
		{3C825CD7-80E4-480F-BFF3-FCC80DD828FE}.Debug|Any CPU.Build.0 = Debug|Any CPU
		{3C825CD7-80E4-480F-BFF3-FCC80DD828FE}.Release|Any CPU.ActiveCfg = Release|Any CPU
		{3C825CD7-80E4-480F-BFF3-FCC80DD828FE}.Release|Any CPU.Build.0 = Release|Any CPU
	EndGlobalSection
	GlobalSection(SolutionProperties) = preSolution
		HideSolutionNode = FALSE
	EndGlobalSection
	GlobalSection(ExtensibilityGlobals) = postSolution
		SolutionGuid = {1F8D397C-FA8A-4B2B-86F6-75D2C42CFB45}
	EndGlobalSection
EndGlobal
