
Microsoft Visual Studio Solution File, Format Version 12.00
# Visual Studio Version 17
VisualStudioVersion = 17.13.35828.75 d17.13
MinimumVisualStudioVersion = 10.0.40219.1
Project("{FAE04EC0-301F-11D3-BF4B-00C04F79EFBC}") = "EstreraMidtermExam1", "EstreraMidtermExam1\EstreraMidtermExam1.csproj", "{09B037F5-21C4-4D07-A2F0-70D35A28E87D}"
EndProject
Global
	GlobalSection(SolutionConfigurationPlatforms) = preSolution
		Debug|Any CPU = Debug|Any CPU
		Release|Any CPU = Release|Any CPU
	EndGlobalSection
	GlobalSection(ProjectConfigurationPlatforms) = postSolution
		{09B037F5-21C4-4D07-A2F0-70D35A28E87D}.Debug|Any CPU.ActiveCfg = Debug|Any CPU
		{09B037F5-21C4-4D07-A2F0-70D35A28E87D}.Debug|Any CPU.Build.0 = Debug|Any CPU
		{09B037F5-21C4-4D07-A2F0-70D35A28E87D}.Release|Any CPU.ActiveCfg = Release|Any CPU
		{09B037F5-21C4-4D07-A2F0-70D35A28E87D}.Release|Any CPU.Build.0 = Release|Any CPU
	EndGlobalSection
	GlobalSection(SolutionProperties) = preSolution
		HideSolutionNode = FALSE
	EndGlobalSection
	GlobalSection(ExtensibilityGlobals) = postSolution
		SolutionGuid = {CB8B97FC-02C7-4C4F-B9AD-ACAAFF783776}
	EndGlobalSection
EndGlobal
